
Microsoft Visual Studio Solution File, Format Version 12.00
# Visual Studio Version 16
VisualStudioVersion = 16.0.30717.126
MinimumVisualStudioVersion = 10.0.40219.1
Project("{FAE04EC0-301F-11D3-BF4B-00C04F79EFBC}") = "Prob", "Prob.csproj", "{D6B9BA40-6A63-4014-9581-48BE2E14A188}"
EndProject
Global
	GlobalSection(SolutionConfigurationPlatforms) = preSolution
		Debug|Any CPU = Debug|Any CPU
		Release|Any CPU = Release|Any CPU
	EndGlobalSection
	GlobalSection(ProjectConfigurationPlatforms) = postSolution
		{D6B9BA40-6A63-4014-9581-48BE2E14A188}.Debug|Any CPU.ActiveCfg = Debug|Any CPU
		{D6B9BA40-6A63-4014-9581-48BE2E14A188}.Debug|Any CPU.Build.0 = Debug|Any CPU
		{D6B9BA40-6A63-4014-9581-48BE2E14A188}.Release|Any CPU.ActiveCfg = Release|Any CPU
		{D6B9BA40-6A63-4014-9581-48BE2E14A188}.Release|Any CPU.Build.0 = Release|Any CPU
	EndGlobalSection
	GlobalSection(SolutionProperties) = preSolution
		HideSolutionNode = FALSE
	EndGlobalSection
	GlobalSection(ExtensibilityGlobals) = postSolution
		SolutionGuid = {0F05CC55-FA04-4676-A8D5-EEA5B78601EA}
	EndGlobalSection
EndGlobal
